
Microsoft Visual Studio Solution File, Format Version 12.00
# Visual Studio Version 17
VisualStudioVersion = 17.11.35222.181
MinimumVisualStudioVersion = 10.0.40219.1
Project("{FAE04EC0-301F-11D3-BF4B-00C04F79EFBC}") = "ClassProject", "ClassProject.csproj", "{2764BEBE-03CA-4DD9-B7AF-C235EB04606D}"
EndProject
Global
	GlobalSection(SolutionConfigurationPlatforms) = preSolution
		Debug|Any CPU = Debug|Any CPU
		Debug|x64 = Debug|x64
		Release|Any CPU = Release|Any CPU
		Release|x64 = Release|x64
		Test|Any CPU = Test|Any CPU
		Test|x64 = Test|x64
	EndGlobalSection
	GlobalSection(ProjectConfigurationPlatforms) = postSolution
		{2764BEBE-03CA-4DD9-B7AF-C235EB04606D}.Debug|Any CPU.ActiveCfg = Debug|Any CPU
		{2764BEBE-03CA-4DD9-B7AF-C235EB04606D}.Debug|Any CPU.Build.0 = Debug|Any CPU
		{2764BEBE-03CA-4DD9-B7AF-C235EB04606D}.Debug|x64.ActiveCfg = Debug|x64
		{2764BEBE-03CA-4DD9-B7AF-C235EB04606D}.Debug|x64.Build.0 = Debug|x64
		{2764BEBE-03CA-4DD9-B7AF-C235EB04606D}.Release|Any CPU.ActiveCfg = Release|Any CPU
		{2764BEBE-03CA-4DD9-B7AF-C235EB04606D}.Release|Any CPU.Build.0 = Release|Any CPU
		{2764BEBE-03CA-4DD9-B7AF-C235EB04606D}.Release|x64.ActiveCfg = Release|x64
		{2764BEBE-03CA-4DD9-B7AF-C235EB04606D}.Release|x64.Build.0 = Release|x64
		{2764BEBE-03CA-4DD9-B7AF-C235EB04606D}.Test|Any CPU.ActiveCfg = Test|Any CPU
		{2764BEBE-03CA-4DD9-B7AF-C235EB04606D}.Test|Any CPU.Build.0 = Test|Any CPU
		{2764BEBE-03CA-4DD9-B7AF-C235EB04606D}.Test|x64.ActiveCfg = Test|x64
		{2764BEBE-03CA-4DD9-B7AF-C235EB04606D}.Test|x64.Build.0 = Test|x64
	EndGlobalSection
	GlobalSection(SolutionProperties) = preSolution
		HideSolutionNode = FALSE
	EndGlobalSection
	GlobalSection(ExtensibilityGlobals) = postSolution
		SolutionGuid = {17703F23-04C0-40B7-98CD-AF97C0E0C56F}
	EndGlobalSection
EndGlobal
